
Microsoft Visual Studio Solution File, Format Version 12.00
# Visual Studio Version 17
VisualStudioVersion = 17.13.35806.99 d17.13
MinimumVisualStudioVersion = 10.0.40219.1
Project("{FAE04EC0-301F-11D3-BF4B-00C04F79EFBC}") = "MvcMovie", "MvcMovie\MvcMovie.csproj", "{F04C17A4-4F64-43C8-8348-32F88055D4A9}"
EndProject
Global
	GlobalSection(SolutionConfigurationPlatforms) = preSolution
		Debug|Any CPU = Debug|Any CPU
		Release|Any CPU = Release|Any CPU
	EndGlobalSection
	GlobalSection(ProjectConfigurationPlatforms) = postSolution
		{F04C17A4-4F64-43C8-8348-32F88055D4A9}.Debug|Any CPU.ActiveCfg = Debug|Any CPU
		{F04C17A4-4F64-43C8-8348-32F88055D4A9}.Debug|Any CPU.Build.0 = Debug|Any CPU
		{F04C17A4-4F64-43C8-8348-32F88055D4A9}.Release|Any CPU.ActiveCfg = Release|Any CPU
		{F04C17A4-4F64-43C8-8348-32F88055D4A9}.Release|Any CPU.Build.0 = Release|Any CPU
	EndGlobalSection
	GlobalSection(SolutionProperties) = preSolution
		HideSolutionNode = FALSE
	EndGlobalSection
	GlobalSection(ExtensibilityGlobals) = postSolution
		SolutionGuid = {CD8909C4-B202-4D9C-8CDA-60D1F3F561FD}
	EndGlobalSection
EndGlobal
